
Microsoft Visual Studio Solution File, Format Version 12.00
# Visual Studio Version 17
VisualStudioVersion = 17.11.35222.181
MinimumVisualStudioVersion = 10.0.40219.1
Project("{9A19103F-16F7-4668-BE54-9A1E7A4F7556}") = "EremexPropertyGridTest", "EremexPropertyGridTest\EremexPropertyGridTest.csproj", "{399553FF-EF63-41E3-A073-6E85E46D34A9}"
EndProject
Project("{9A19103F-16F7-4668-BE54-9A1E7A4F7556}") = "EremexDataGridTest", "EremexDataGridTest\EremexDataGridTest.csproj", "{C12BB0B7-9E3E-4E7A-8500-5C81718C6012}"
EndProject
Project("{9A19103F-16F7-4668-BE54-9A1E7A4F7556}") = "Common", "Common\Common.csproj", "{633D3271-A07A-4359-BF2A-B05E478F9FAA}"
EndProject
Global
	GlobalSection(SolutionConfigurationPlatforms) = preSolution
		Debug|Any CPU = Debug|Any CPU
		Release|Any CPU = Release|Any CPU
	EndGlobalSection
	GlobalSection(ProjectConfigurationPlatforms) = postSolution
		{399553FF-EF63-41E3-A073-6E85E46D34A9}.Debug|Any CPU.ActiveCfg = Debug|Any CPU
		{399553FF-EF63-41E3-A073-6E85E46D34A9}.Debug|Any CPU.Build.0 = Debug|Any CPU
		{399553FF-EF63-41E3-A073-6E85E46D34A9}.Release|Any CPU.ActiveCfg = Release|Any CPU
		{399553FF-EF63-41E3-A073-6E85E46D34A9}.Release|Any CPU.Build.0 = Release|Any CPU
		{C12BB0B7-9E3E-4E7A-8500-5C81718C6012}.Debug|Any CPU.ActiveCfg = Debug|Any CPU
		{C12BB0B7-9E3E-4E7A-8500-5C81718C6012}.Debug|Any CPU.Build.0 = Debug|Any CPU
		{C12BB0B7-9E3E-4E7A-8500-5C81718C6012}.Release|Any CPU.ActiveCfg = Release|Any CPU
		{C12BB0B7-9E3E-4E7A-8500-5C81718C6012}.Release|Any CPU.Build.0 = Release|Any CPU
		{633D3271-A07A-4359-BF2A-B05E478F9FAA}.Debug|Any CPU.ActiveCfg = Debug|Any CPU
		{633D3271-A07A-4359-BF2A-B05E478F9FAA}.Debug|Any CPU.Build.0 = Debug|Any CPU
		{633D3271-A07A-4359-BF2A-B05E478F9FAA}.Release|Any CPU.ActiveCfg = Release|Any CPU
		{633D3271-A07A-4359-BF2A-B05E478F9FAA}.Release|Any CPU.Build.0 = Release|Any CPU
	EndGlobalSection
	GlobalSection(SolutionProperties) = preSolution
		HideSolutionNode = FALSE
	EndGlobalSection
	GlobalSection(ExtensibilityGlobals) = postSolution
		SolutionGuid = {E76D5125-C7B6-4D80-8E93-B05A85F0336E}
	EndGlobalSection
EndGlobal
